
Microsoft Visual Studio Solution File, Format Version 12.00
# Visual Studio Version 16
VisualStudioVersion = 16.0.30011.22
MinimumVisualStudioVersion = 10.0.40219.1
Project("{FAE04EC0-301F-11D3-BF4B-00C04F79EFBC}") = "keyLogger", "keyLogger.csproj", "{63BD1FC7-EEF8-4E54-B332-8EBA6C3866EB}"
EndProject
Global
	GlobalSection(SolutionConfigurationPlatforms) = preSolution
		Debug|Any CPU = Debug|Any CPU
		Release|Any CPU = Release|Any CPU
	EndGlobalSection
	GlobalSection(ProjectConfigurationPlatforms) = postSolution
		{63BD1FC7-EEF8-4E54-B332-8EBA6C3866EB}.Debug|Any CPU.ActiveCfg = Debug|Any CPU
		{63BD1FC7-EEF8-4E54-B332-8EBA6C3866EB}.Debug|Any CPU.Build.0 = Debug|Any CPU
		{63BD1FC7-EEF8-4E54-B332-8EBA6C3866EB}.Release|Any CPU.ActiveCfg = Release|Any CPU
		{63BD1FC7-EEF8-4E54-B332-8EBA6C3866EB}.Release|Any CPU.Build.0 = Release|Any CPU
	EndGlobalSection
	GlobalSection(SolutionProperties) = preSolution
		HideSolutionNode = FALSE
	EndGlobalSection
	GlobalSection(ExtensibilityGlobals) = postSolution
		SolutionGuid = {69403A30-AE34-4F9A-A9C3-9A674C8B5A19}
	EndGlobalSection
EndGlobal
